
Microsoft Visual Studio Solution File, Format Version 12.00
# Visual Studio Version 17
VisualStudioVersion = 17.5.002.0
MinimumVisualStudioVersion = 10.0.40219.1
Project("{9A19103F-16F7-4668-BE54-9A1E7A4F7556}") = "Task_2", "Task_2.csproj", "{195793C8-1DDF-4756-AE54-F654FB2DE64A}"
EndProject
Global
	GlobalSection(SolutionConfigurationPlatforms) = preSolution
		Debug|Any CPU = Debug|Any CPU
		Release|Any CPU = Release|Any CPU
	EndGlobalSection
	GlobalSection(ProjectConfigurationPlatforms) = postSolution
		{195793C8-1DDF-4756-AE54-F654FB2DE64A}.Debug|Any CPU.ActiveCfg = Debug|Any CPU
		{195793C8-1DDF-4756-AE54-F654FB2DE64A}.Debug|Any CPU.Build.0 = Debug|Any CPU
		{195793C8-1DDF-4756-AE54-F654FB2DE64A}.Release|Any CPU.ActiveCfg = Release|Any CPU
		{195793C8-1DDF-4756-AE54-F654FB2DE64A}.Release|Any CPU.Build.0 = Release|Any CPU
	EndGlobalSection
	GlobalSection(SolutionProperties) = preSolution
		HideSolutionNode = FALSE
	EndGlobalSection
	GlobalSection(ExtensibilityGlobals) = postSolution
		SolutionGuid = {BD5ED69A-672E-431E-A785-F11E8016C576}
	EndGlobalSection
EndGlobal
