
Microsoft Visual Studio Solution File, Format Version 12.00
# Visual Studio Version 17
VisualStudioVersion = 17.5.002.0
MinimumVisualStudioVersion = 10.0.40219.1
Project("{9A19103F-16F7-4668-BE54-9A1E7A4F7556}") = "Task_3", "Task_3.csproj", "{F98A1A5E-C7C6-4047-9D4F-9EEA10965EF9}"
EndProject
Global
	GlobalSection(SolutionConfigurationPlatforms) = preSolution
		Debug|Any CPU = Debug|Any CPU
		Release|Any CPU = Release|Any CPU
	EndGlobalSection
	GlobalSection(ProjectConfigurationPlatforms) = postSolution
		{F98A1A5E-C7C6-4047-9D4F-9EEA10965EF9}.Debug|Any CPU.ActiveCfg = Debug|Any CPU
		{F98A1A5E-C7C6-4047-9D4F-9EEA10965EF9}.Debug|Any CPU.Build.0 = Debug|Any CPU
		{F98A1A5E-C7C6-4047-9D4F-9EEA10965EF9}.Release|Any CPU.ActiveCfg = Release|Any CPU
		{F98A1A5E-C7C6-4047-9D4F-9EEA10965EF9}.Release|Any CPU.Build.0 = Release|Any CPU
	EndGlobalSection
	GlobalSection(SolutionProperties) = preSolution
		HideSolutionNode = FALSE
	EndGlobalSection
	GlobalSection(ExtensibilityGlobals) = postSolution
		SolutionGuid = {B87139A3-F051-489C-B997-55088D2768A9}
	EndGlobalSection
EndGlobal
